
Microsoft Visual Studio Solution File, Format Version 12.00
# Visual Studio Version 17
VisualStudioVersion = 17.1.32228.430
MinimumVisualStudioVersion = 10.0.40219.1
Project("{FAE04EC0-301F-11D3-BF4B-00C04F79EFBC}") = "TUT_DiscordLights", "TUT_DiscordLights\TUT_DiscordLights.csproj", "{D321B535-DCD2-46D7-A6D3-5787EBA97887}"
EndProject
Global
	GlobalSection(SolutionConfigurationPlatforms) = preSolution
		Debug|Any CPU = Debug|Any CPU
		Release|Any CPU = Release|Any CPU
	EndGlobalSection
	GlobalSection(ProjectConfigurationPlatforms) = postSolution
		{D321B535-DCD2-46D7-A6D3-5787EBA97887}.Debug|Any CPU.ActiveCfg = Debug|Any CPU
		{D321B535-DCD2-46D7-A6D3-5787EBA97887}.Debug|Any CPU.Build.0 = Debug|Any CPU
		{D321B535-DCD2-46D7-A6D3-5787EBA97887}.Release|Any CPU.ActiveCfg = Release|Any CPU
		{D321B535-DCD2-46D7-A6D3-5787EBA97887}.Release|Any CPU.Build.0 = Release|Any CPU
	EndGlobalSection
	GlobalSection(SolutionProperties) = preSolution
		HideSolutionNode = FALSE
	EndGlobalSection
	GlobalSection(ExtensibilityGlobals) = postSolution
		SolutionGuid = {7E705587-56C3-4612-94C3-90221D330107}
	EndGlobalSection
EndGlobal
